
Microsoft Visual Studio Solution File, Format Version 11.00
# Visual Studio 2010
Project("{FAE04EC0-301F-11D3-BF4B-00C04F79EFBC}") = "UnityEngine.TestRunner", "UnityEngine.TestRunner.csproj", "{a1c0dc30-a98d-87ac-e555-b09a3646e10c}"
EndProject
Project("{FAE04EC0-301F-11D3-BF4B-00C04F79EFBC}") = "Assembly-CSharp", "Assembly-CSharp.csproj", "{e301c4b3-460b-1ef3-904e-dc08456cb035}"
EndProject
Project("{FAE04EC0-301F-11D3-BF4B-00C04F79EFBC}") = "UnityEngine.UI", "UnityEngine.UI.csproj", "{c13b035f-9578-6006-5951-9aa9eba1a15b}"
EndProject
Project("{FAE04EC0-301F-11D3-BF4B-00C04F79EFBC}") = "Unity.TextMeshPro", "Unity.TextMeshPro.csproj", "{d34cba11-835a-d848-a878-b050c409ac91}"
EndProject
Project("{FAE04EC0-301F-11D3-BF4B-00C04F79EFBC}") = "Unity.Timeline", "Unity.Timeline.csproj", "{f9c6417b-9d21-74a2-d0bc-fdf00de2cf90}"
EndProject
Project("{FAE04EC0-301F-11D3-BF4B-00C04F79EFBC}") = "Assembly-CSharp-firstpass", "Assembly-CSharp-firstpass.csproj", "{c8686d10-870a-86fe-a542-702ff5090dc3}"
EndProject
Project("{FAE04EC0-301F-11D3-BF4B-00C04F79EFBC}") = "Unity.TextMeshPro.Editor", "Unity.TextMeshPro.Editor.csproj", "{030e1424-2b30-4a20-34c7-ec57eb44dcc8}"
EndProject
Project("{FAE04EC0-301F-11D3-BF4B-00C04F79EFBC}") = "Unity.Timeline.Editor", "Unity.Timeline.Editor.csproj", "{2430fe3e-6481-8608-30c8-ef120de245a3}"
EndProject
Project("{FAE04EC0-301F-11D3-BF4B-00C04F79EFBC}") = "UnityEditor.TestRunner", "UnityEditor.TestRunner.csproj", "{79676f71-051a-2751-1ac8-7f559705e8aa}"
EndProject
Project("{FAE04EC0-301F-11D3-BF4B-00C04F79EFBC}") = "UnityEditor.UI", "UnityEditor.UI.csproj", "{3e54ef27-3a09-688a-15c9-8ac2cdbff992}"
EndProject
Project("{FAE04EC0-301F-11D3-BF4B-00C04F79EFBC}") = "Unity.Rider.Editor", "Unity.Rider.Editor.csproj", "{33989aaf-4524-3f20-78cc-f3901c138f5a}"
EndProject
Project("{FAE04EC0-301F-11D3-BF4B-00C04F79EFBC}") = "Unity.CollabProxy.Editor", "Unity.CollabProxy.Editor.csproj", "{ce04f9b4-c6b4-d365-5a88-30e19dc67519}"
EndProject
Project("{FAE04EC0-301F-11D3-BF4B-00C04F79EFBC}") = "Unity.VSCode.Editor", "Unity.VSCode.Editor.csproj", "{82bf92e7-7209-997e-a4e7-112cac5841b4}"
EndProject
Global
	GlobalSection(SolutionConfigurationPlatforms) = preSolution
		Debug|Any CPU = Debug|Any CPU
	EndGlobalSection
	GlobalSection(ProjectConfigurationPlatforms) = postSolution
		{a1c0dc30-a98d-87ac-e555-b09a3646e10c}.Debug|Any CPU.ActiveCfg = Debug|Any CPU
		{a1c0dc30-a98d-87ac-e555-b09a3646e10c}.Debug|Any CPU.Build.0 = Debug|Any CPU
		{e301c4b3-460b-1ef3-904e-dc08456cb035}.Debug|Any CPU.ActiveCfg = Debug|Any CPU
		{e301c4b3-460b-1ef3-904e-dc08456cb035}.Debug|Any CPU.Build.0 = Debug|Any CPU
		{c13b035f-9578-6006-5951-9aa9eba1a15b}.Debug|Any CPU.ActiveCfg = Debug|Any CPU
		{c13b035f-9578-6006-5951-9aa9eba1a15b}.Debug|Any CPU.Build.0 = Debug|Any CPU
		{d34cba11-835a-d848-a878-b050c409ac91}.Debug|Any CPU.ActiveCfg = Debug|Any CPU
		{d34cba11-835a-d848-a878-b050c409ac91}.Debug|Any CPU.Build.0 = Debug|Any CPU
		{f9c6417b-9d21-74a2-d0bc-fdf00de2cf90}.Debug|Any CPU.ActiveCfg = Debug|Any CPU
		{f9c6417b-9d21-74a2-d0bc-fdf00de2cf90}.Debug|Any CPU.Build.0 = Debug|Any CPU
		{c8686d10-870a-86fe-a542-702ff5090dc3}.Debug|Any CPU.ActiveCfg = Debug|Any CPU
		{c8686d10-870a-86fe-a542-702ff5090dc3}.Debug|Any CPU.Build.0 = Debug|Any CPU
		{030e1424-2b30-4a20-34c7-ec57eb44dcc8}.Debug|Any CPU.ActiveCfg = Debug|Any CPU
		{030e1424-2b30-4a20-34c7-ec57eb44dcc8}.Debug|Any CPU.Build.0 = Debug|Any CPU
		{2430fe3e-6481-8608-30c8-ef120de245a3}.Debug|Any CPU.ActiveCfg = Debug|Any CPU
		{2430fe3e-6481-8608-30c8-ef120de245a3}.Debug|Any CPU.Build.0 = Debug|Any CPU
		{79676f71-051a-2751-1ac8-7f559705e8aa}.Debug|Any CPU.ActiveCfg = Debug|Any CPU
		{79676f71-051a-2751-1ac8-7f559705e8aa}.Debug|Any CPU.Build.0 = Debug|Any CPU
		{3e54ef27-3a09-688a-15c9-8ac2cdbff992}.Debug|Any CPU.ActiveCfg = Debug|Any CPU
		{3e54ef27-3a09-688a-15c9-8ac2cdbff992}.Debug|Any CPU.Build.0 = Debug|Any CPU
		{33989aaf-4524-3f20-78cc-f3901c138f5a}.Debug|Any CPU.ActiveCfg = Debug|Any CPU
		{33989aaf-4524-3f20-78cc-f3901c138f5a}.Debug|Any CPU.Build.0 = Debug|Any CPU
		{ce04f9b4-c6b4-d365-5a88-30e19dc67519}.Debug|Any CPU.ActiveCfg = Debug|Any CPU
		{ce04f9b4-c6b4-d365-5a88-30e19dc67519}.Debug|Any CPU.Build.0 = Debug|Any CPU
		{82bf92e7-7209-997e-a4e7-112cac5841b4}.Debug|Any CPU.ActiveCfg = Debug|Any CPU
		{82bf92e7-7209-997e-a4e7-112cac5841b4}.Debug|Any CPU.Build.0 = Debug|Any CPU
	EndGlobalSection
	GlobalSection(SolutionProperties) = preSolution
		HideSolutionNode = FALSE
	EndGlobalSection
EndGlobal
